lockfileVersion: 5.4

specifiers:
  '@arkweid/lefthook': ^0.7.7

devDependencies:
  '@arkweid/lefthook': 0.7.7

packages:

  /@arkweid/lefthook/0.7.7:
    resolution: {integrity: sha512-Eq30OXKmjxIAIsTtbX2fcF3SNZIXS8yry1u8yty7PQFYRctx04rVlhOJCEB2UmfTh8T2vrOMC9IHHUvvo5zbaQ==}
    cpu: [x64, arm64, ia32]
    os: [darwin, linux, win32]
    hasBin: true
    requiresBuild: true
    dev: true
